
Microsoft Visual Studio Solution File, Format Version 12.00
# Visual Studio Version 17
VisualStudioVersion = 17.3.32922.545
MinimumVisualStudioVersion = 10.0.40219.1
Project("{FAE04EC0-301F-11D3-BF4B-00C04F79EFBC}") = "Aiyy", "Aiyy.csproj", "{EA179377-CBB9-485C-B1F1-D58C366C4D29}"
EndProject
Project("{2150E333-8FDC-42A3-9474-1A3956D46DE8}") = "src", "src", "{A5ADFDF7-61FA-442D-BD2B-F2E845946CB4}"
EndProject
Global
	GlobalSection(SolutionConfigurationPlatforms) = preSolution
		Debug|Any CPU = Debug|Any CPU
		Release|Any CPU = Release|Any CPU
	EndGlobalSection
	GlobalSection(ProjectConfigurationPlatforms) = postSolution
		{EA179377-CBB9-485C-B1F1-D58C366C4D29}.Debug|Any CPU.ActiveCfg = Debug|Any CPU
		{EA179377-CBB9-485C-B1F1-D58C366C4D29}.Debug|Any CPU.Build.0 = Debug|Any CPU
		{EA179377-CBB9-485C-B1F1-D58C366C4D29}.Release|Any CPU.ActiveCfg = Release|Any CPU
		{EA179377-CBB9-485C-B1F1-D58C366C4D29}.Release|Any CPU.Build.0 = Release|Any CPU
	EndGlobalSection
	GlobalSection(SolutionProperties) = preSolution
		HideSolutionNode = FALSE
	EndGlobalSection
	GlobalSection(NestedProjects) = preSolution
		{EA179377-CBB9-485C-B1F1-D58C366C4D29} = {A5ADFDF7-61FA-442D-BD2B-F2E845946CB4}
	EndGlobalSection
	GlobalSection(ExtensibilityGlobals) = postSolution
		SolutionGuid = {666A309A-C60D-4F15-AFC9-06C4AD5CD8BD}
	EndGlobalSection
EndGlobal
