
Microsoft Visual Studio Solution File, Format Version 12.00
# Visual Studio Version 17
VisualStudioVersion = 17.3.32922.545
MinimumVisualStudioVersion = 10.0.40219.1
Project("{9A19103F-16F7-4668-BE54-9A1E7A4F7556}") = "Aiyy", "Aiyy.csproj", "{EA179377-CBB9-485C-B1F1-D58C366C4D29}"
EndProject
Project("{2150E333-8FDC-42A3-9474-1A3956D46DE8}") = "src", "src", "{A5ADFDF7-61FA-442D-BD2B-F2E845946CB4}"
EndProject
Project("{9A19103F-16F7-4668-BE54-9A1E7A4F7556}") = "Aiyy.Extras.Cake.IIS", "..\Aiyy.Extras.Cake.IIS\Aiyy.Extras.Cake.IIS.csproj", "{DB83DFB0-ABF3-48BF-BBE1-0DC0BE82FD22}"
EndProject
Project("{2150E333-8FDC-42A3-9474-1A3956D46DE8}") = "demo", "demo", "{B100F335-EDD5-40FA-BA64-90D46B813F09}"
EndProject
Project("{9A19103F-16F7-4668-BE54-9A1E7A4F7556}") = "AiyyWebApplicationDemo", "..\AiyyWebApplicationDemo\AiyyWebApplicationDemo.csproj", "{52D0B4F4-F642-4CA4-8FA4-DDB9B5A7DBCC}"
EndProject
Project("{9A19103F-16F7-4668-BE54-9A1E7A4F7556}") = "Aiyy.Core", "..\Aiyy.Core\Aiyy.Core.csproj", "{BFCD8B83-A0B3-4B95-81DF-C1D25F69A4F1}"
EndProject
Project("{2150E333-8FDC-42A3-9474-1A3956D46DE8}") = "Solution Items", "Solution Items", "{29AE59C9-DA25-4E8C-A89F-B263BED4F00D}"
	ProjectSection(SolutionItems) = preProject
		.editorconfig = .editorconfig
	EndProjectSection
EndProject
Project("{9A19103F-16F7-4668-BE54-9A1E7A4F7556}") = "AiyyDemo", "..\AiyyDemo\AiyyDemo.csproj", "{76839D3E-5AC4-4520-B738-5B3EE24C7090}"
EndProject
Project("{9A19103F-16F7-4668-BE54-9A1E7A4F7556}") = "AiyyWorkerService", "..\AiyyWorkerService\AiyyWorkerService.csproj", "{9CD02800-AF1B-4FC5-92BB-8A2A48511A82}"
EndProject
Project("{9A19103F-16F7-4668-BE54-9A1E7A4F7556}") = "Aiyy.Web", "..\Aiyy.Web\Aiyy.Web.csproj", "{F696D54A-CF89-4487-86CC-6B09A67BA20B}"
EndProject
Project("{FAE04EC0-301F-11D3-BF4B-00C04F79EFBC}") = "Aiyy.WorkerService", "..\Aiyy.WorkerService\Aiyy.WorkerService.csproj", "{1D013E96-55FD-4458-80A6-236F58F670AD}"
EndProject
Global
	GlobalSection(SolutionConfigurationPlatforms) = preSolution
		Debug|Any CPU = Debug|Any CPU
		Release|Any CPU = Release|Any CPU
	EndGlobalSection
	GlobalSection(ProjectConfigurationPlatforms) = postSolution
		{EA179377-CBB9-485C-B1F1-D58C366C4D29}.Debug|Any CPU.ActiveCfg = Debug|Any CPU
		{EA179377-CBB9-485C-B1F1-D58C366C4D29}.Debug|Any CPU.Build.0 = Debug|Any CPU
		{EA179377-CBB9-485C-B1F1-D58C366C4D29}.Release|Any CPU.ActiveCfg = Release|Any CPU
		{EA179377-CBB9-485C-B1F1-D58C366C4D29}.Release|Any CPU.Build.0 = Release|Any CPU
		{DB83DFB0-ABF3-48BF-BBE1-0DC0BE82FD22}.Debug|Any CPU.ActiveCfg = Debug|Any CPU
		{DB83DFB0-ABF3-48BF-BBE1-0DC0BE82FD22}.Debug|Any CPU.Build.0 = Debug|Any CPU
		{DB83DFB0-ABF3-48BF-BBE1-0DC0BE82FD22}.Release|Any CPU.ActiveCfg = Release|Any CPU
		{DB83DFB0-ABF3-48BF-BBE1-0DC0BE82FD22}.Release|Any CPU.Build.0 = Release|Any CPU
		{52D0B4F4-F642-4CA4-8FA4-DDB9B5A7DBCC}.Debug|Any CPU.ActiveCfg = Debug|Any CPU
		{52D0B4F4-F642-4CA4-8FA4-DDB9B5A7DBCC}.Debug|Any CPU.Build.0 = Debug|Any CPU
		{52D0B4F4-F642-4CA4-8FA4-DDB9B5A7DBCC}.Release|Any CPU.ActiveCfg = Release|Any CPU
		{52D0B4F4-F642-4CA4-8FA4-DDB9B5A7DBCC}.Release|Any CPU.Build.0 = Release|Any CPU
		{BFCD8B83-A0B3-4B95-81DF-C1D25F69A4F1}.Debug|Any CPU.ActiveCfg = Debug|Any CPU
		{BFCD8B83-A0B3-4B95-81DF-C1D25F69A4F1}.Debug|Any CPU.Build.0 = Debug|Any CPU
		{BFCD8B83-A0B3-4B95-81DF-C1D25F69A4F1}.Release|Any CPU.ActiveCfg = Release|Any CPU
		{BFCD8B83-A0B3-4B95-81DF-C1D25F69A4F1}.Release|Any CPU.Build.0 = Release|Any CPU
		{76839D3E-5AC4-4520-B738-5B3EE24C7090}.Debug|Any CPU.ActiveCfg = Debug|Any CPU
		{76839D3E-5AC4-4520-B738-5B3EE24C7090}.Debug|Any CPU.Build.0 = Debug|Any CPU
		{76839D3E-5AC4-4520-B738-5B3EE24C7090}.Release|Any CPU.ActiveCfg = Release|Any CPU
		{76839D3E-5AC4-4520-B738-5B3EE24C7090}.Release|Any CPU.Build.0 = Release|Any CPU
		{9CD02800-AF1B-4FC5-92BB-8A2A48511A82}.Debug|Any CPU.ActiveCfg = Debug|Any CPU
		{9CD02800-AF1B-4FC5-92BB-8A2A48511A82}.Debug|Any CPU.Build.0 = Debug|Any CPU
		{9CD02800-AF1B-4FC5-92BB-8A2A48511A82}.Release|Any CPU.ActiveCfg = Release|Any CPU
		{9CD02800-AF1B-4FC5-92BB-8A2A48511A82}.Release|Any CPU.Build.0 = Release|Any CPU
		{F696D54A-CF89-4487-86CC-6B09A67BA20B}.Debug|Any CPU.ActiveCfg = Debug|Any CPU
		{F696D54A-CF89-4487-86CC-6B09A67BA20B}.Debug|Any CPU.Build.0 = Debug|Any CPU
		{F696D54A-CF89-4487-86CC-6B09A67BA20B}.Release|Any CPU.ActiveCfg = Release|Any CPU
		{F696D54A-CF89-4487-86CC-6B09A67BA20B}.Release|Any CPU.Build.0 = Release|Any CPU
		{1D013E96-55FD-4458-80A6-236F58F670AD}.Debug|Any CPU.ActiveCfg = Debug|Any CPU
		{1D013E96-55FD-4458-80A6-236F58F670AD}.Debug|Any CPU.Build.0 = Debug|Any CPU
		{1D013E96-55FD-4458-80A6-236F58F670AD}.Release|Any CPU.ActiveCfg = Release|Any CPU
		{1D013E96-55FD-4458-80A6-236F58F670AD}.Release|Any CPU.Build.0 = Release|Any CPU
	EndGlobalSection
	GlobalSection(SolutionProperties) = preSolution
		HideSolutionNode = FALSE
	EndGlobalSection
	GlobalSection(NestedProjects) = preSolution
		{EA179377-CBB9-485C-B1F1-D58C366C4D29} = {A5ADFDF7-61FA-442D-BD2B-F2E845946CB4}
		{DB83DFB0-ABF3-48BF-BBE1-0DC0BE82FD22} = {A5ADFDF7-61FA-442D-BD2B-F2E845946CB4}
		{52D0B4F4-F642-4CA4-8FA4-DDB9B5A7DBCC} = {B100F335-EDD5-40FA-BA64-90D46B813F09}
		{BFCD8B83-A0B3-4B95-81DF-C1D25F69A4F1} = {A5ADFDF7-61FA-442D-BD2B-F2E845946CB4}
		{76839D3E-5AC4-4520-B738-5B3EE24C7090} = {B100F335-EDD5-40FA-BA64-90D46B813F09}
		{9CD02800-AF1B-4FC5-92BB-8A2A48511A82} = {B100F335-EDD5-40FA-BA64-90D46B813F09}
		{F696D54A-CF89-4487-86CC-6B09A67BA20B} = {A5ADFDF7-61FA-442D-BD2B-F2E845946CB4}
		{1D013E96-55FD-4458-80A6-236F58F670AD} = {A5ADFDF7-61FA-442D-BD2B-F2E845946CB4}
	EndGlobalSection
	GlobalSection(ExtensibilityGlobals) = postSolution
		SolutionGuid = {666A309A-C60D-4F15-AFC9-06C4AD5CD8BD}
	EndGlobalSection
EndGlobal
